
Microsoft Visual Studio Solution File, Format Version 12.00
# Visual Studio Version 16
VisualStudioVersion = 16.0.30011.22
MinimumVisualStudioVersion = 10.0.40219.1
Project("{FAE04EC0-301F-11D3-BF4B-00C04F79EFBC}") = "TGIF", "TGIF\TGIF.csproj", "{C92D4D0C-4384-48E2-A05F-ABCF4FDBB00B}"
EndProject
Global
	GlobalSection(SolutionConfigurationPlatforms) = preSolution
		Debug|Any CPU = Debug|Any CPU
		Release|Any CPU = Release|Any CPU
	EndGlobalSection
	GlobalSection(ProjectConfigurationPlatforms) = postSolution
		{C92D4D0C-4384-48E2-A05F-ABCF4FDBB00B}.Debug|Any CPU.ActiveCfg = Debug|Any CPU
		{C92D4D0C-4384-48E2-A05F-ABCF4FDBB00B}.Debug|Any CPU.Build.0 = Debug|Any CPU
		{C92D4D0C-4384-48E2-A05F-ABCF4FDBB00B}.Release|Any CPU.ActiveCfg = Release|Any CPU
		{C92D4D0C-4384-48E2-A05F-ABCF4FDBB00B}.Release|Any CPU.Build.0 = Release|Any CPU
	EndGlobalSection
	GlobalSection(SolutionProperties) = preSolution
		HideSolutionNode = FALSE
	EndGlobalSection
	GlobalSection(ExtensibilityGlobals) = postSolution
		SolutionGuid = {18E2B576-22D7-42A9-BF0F-64081F6E5B1C}
	EndGlobalSection
EndGlobal
